
Microsoft Visual Studio Solution File, Format Version 12.00
# Visual Studio Version 17
VisualStudioVersion = 17.0.32014.148
MinimumVisualStudioVersion = 10.0.40219.1
Project("{FAE04EC0-301F-11D3-BF4B-00C04F79EFBC}") = "SDCrypto", "SDCrypto\SDCrypto.csproj", "{609E74A8-E4E0-4A60-9DE2-6825E285BE02}"
EndProject
Project("{F184B08F-C81C-45F6-A57F-5ABD9991F28F}") = "SDCryptoExample", "SDCryptoExample\SDCryptoExample.vbproj", "{6E9E4E66-7626-41CA-AF09-7DFCF41434F5}"
EndProject
Global
	GlobalSection(SolutionConfigurationPlatforms) = preSolution
		Debug|Any CPU = Debug|Any CPU
		Release|Any CPU = Release|Any CPU
	EndGlobalSection
	GlobalSection(ProjectConfigurationPlatforms) = postSolution
		{609E74A8-E4E0-4A60-9DE2-6825E285BE02}.Debug|Any CPU.ActiveCfg = Debug|Any CPU
		{609E74A8-E4E0-4A60-9DE2-6825E285BE02}.Debug|Any CPU.Build.0 = Debug|Any CPU
		{609E74A8-E4E0-4A60-9DE2-6825E285BE02}.Release|Any CPU.ActiveCfg = Release|Any CPU
		{609E74A8-E4E0-4A60-9DE2-6825E285BE02}.Release|Any CPU.Build.0 = Release|Any CPU
		{6E9E4E66-7626-41CA-AF09-7DFCF41434F5}.Debug|Any CPU.ActiveCfg = Debug|Any CPU
		{6E9E4E66-7626-41CA-AF09-7DFCF41434F5}.Debug|Any CPU.Build.0 = Debug|Any CPU
		{6E9E4E66-7626-41CA-AF09-7DFCF41434F5}.Release|Any CPU.ActiveCfg = Release|Any CPU
		{6E9E4E66-7626-41CA-AF09-7DFCF41434F5}.Release|Any CPU.Build.0 = Release|Any CPU
	EndGlobalSection
	GlobalSection(SolutionProperties) = preSolution
		HideSolutionNode = FALSE
	EndGlobalSection
	GlobalSection(ExtensibilityGlobals) = postSolution
		SolutionGuid = {9D3C25E1-1E70-4DC0-9EBF-F39455455676}
	EndGlobalSection
EndGlobal
